# This file is autogenerated, do not edit; changes may be undone by the next 'dep ensure'.


[[projects]]
  branch = "v2"
  name = "github.com/go-yaml/yaml"
  packages = ["."]
  revision = "eb3733d160e74a9c7e442f435eb3bea458e1d19f"

[[projects]]
  branch = "master"
  name = "github.com/miekg/dns"
  packages = [".","internal/socket"]
  revision = "a5852667e3c36e2e0b0a69ab43869e00e95aacdf"

[[projects]]
  name = "github.com/nbari/violetear"
  packages = ["."]
  revision = "f7bc38ce29e218ffc860294acabef409ace48ad3"
  version = "4.1.3"

[[projects]]
  branch = "master"
  name = "github.com/slashquery/resolver"
  packages = ["."]
  revision = "0a02f52079f74b885f4c7391c21a1cc4a75826ae"

[[projects]]
  branch = "master"
  name = "golang.org/x/crypto"
  packages = ["acme","acme/autocert"]
  revision = "bd6f299fb381e4c3393d1c4b1f0b94f5e77650c8"

[solve-meta]
  analyzer-name = "dep"
  analyzer-version = 1
  inputs-digest = "88f59c77dedfd6e96449ccfb95a196f85ed66090a5e0dbf84dd3f983a6d23626"
  solver-name = "gps-cdcl"
  solver-version = 1
