# This file is autogenerated, do not edit; changes may be undone by the next 'dep ensure'.


[[projects]]
  branch = "v2"
  name = "github.com/go-yaml/yaml"
  packages = ["."]
  revision = "287cf08546ab5e7e37d55a84f7ed3fd1db036de5"

[[projects]]
  name = "github.com/miekg/dns"
  packages = ["."]
  revision = "9271f6595be6734763aaf4b7923f8f1b7a6cc559"
  version = "v1.0.0"

[[projects]]
  name = "github.com/nbari/violetear"
  packages = ["."]
  revision = "f7bc38ce29e218ffc860294acabef409ace48ad3"
  version = "4.1.3"

[[projects]]
  branch = "master"
  name = "github.com/slashquery/resolver"
  packages = ["."]
  revision = "0a02f52079f74b885f4c7391c21a1cc4a75826ae"

[[projects]]
  branch = "master"
  name = "golang.org/x/crypto"
  packages = ["acme","acme/autocert","ed25519","ed25519/internal/edwards25519"]
  revision = "94eea52f7b742c7cbe0b03b22f0c4c8631ece122"

[[projects]]
  branch = "master"
  name = "golang.org/x/net"
  packages = ["bpf","internal/iana","internal/socket","ipv4","ipv6"]
  revision = "dc871a5d77e227f5bbf6545176ef3eeebf87e76e"

[solve-meta]
  analyzer-name = "dep"
  analyzer-version = 1
  inputs-digest = "88f59c77dedfd6e96449ccfb95a196f85ed66090a5e0dbf84dd3f983a6d23626"
  solver-name = "gps-cdcl"
  solver-version = 1
